
Microsoft Visual Studio Solution File, Format Version 12.00
# Visual Studio Version 17
VisualStudioVersion = 17.9.34728.123
MinimumVisualStudioVersion = 10.0.40219.1
Project("{FAE04EC0-301F-11D3-BF4B-00C04F79EFBC}") = "dieukhientuxa-inchulenmanhinh-client", "dieukhientuxa-inchulenmanhinh-client.csproj", "{BF5D6222-C155-4E89-9B07-ED198F911BA8}"
EndProject
Global
	GlobalSection(SolutionConfigurationPlatforms) = preSolution
		Debug|Any CPU = Debug|Any CPU
		Release|Any CPU = Release|Any CPU
	EndGlobalSection
	GlobalSection(ProjectConfigurationPlatforms) = postSolution
		{BF5D6222-C155-4E89-9B07-ED198F911BA8}.Debug|Any CPU.ActiveCfg = Debug|Any CPU
		{BF5D6222-C155-4E89-9B07-ED198F911BA8}.Debug|Any CPU.Build.0 = Debug|Any CPU
		{BF5D6222-C155-4E89-9B07-ED198F911BA8}.Release|Any CPU.ActiveCfg = Release|Any CPU
		{BF5D6222-C155-4E89-9B07-ED198F911BA8}.Release|Any CPU.Build.0 = Release|Any CPU
	EndGlobalSection
	GlobalSection(SolutionProperties) = preSolution
		HideSolutionNode = FALSE
	EndGlobalSection
	GlobalSection(ExtensibilityGlobals) = postSolution
		SolutionGuid = {AB04AA30-E336-46A2-8BF5-A474C2D6F71E}
	EndGlobalSection
EndGlobal
