
Microsoft Visual Studio Solution File, Format Version 12.00
# Visual Studio Version 17
VisualStudioVersion = 17.9.34728.123
MinimumVisualStudioVersion = 10.0.40219.1
Project("{FAE04EC0-301F-11D3-BF4B-00C04F79EFBC}") = "dieukhientuxa-inchutrenmanhinh-client", "dieukhientuxa-inchutrenmanhinh-client.csproj", "{2D82A87B-8333-414B-BA6D-A576C7972E1C}"
EndProject
Global
	GlobalSection(SolutionConfigurationPlatforms) = preSolution
		Debug|Any CPU = Debug|Any CPU
		Release|Any CPU = Release|Any CPU
	EndGlobalSection
	GlobalSection(ProjectConfigurationPlatforms) = postSolution
		{2D82A87B-8333-414B-BA6D-A576C7972E1C}.Debug|Any CPU.ActiveCfg = Debug|Any CPU
		{2D82A87B-8333-414B-BA6D-A576C7972E1C}.Debug|Any CPU.Build.0 = Debug|Any CPU
		{2D82A87B-8333-414B-BA6D-A576C7972E1C}.Release|Any CPU.ActiveCfg = Release|Any CPU
		{2D82A87B-8333-414B-BA6D-A576C7972E1C}.Release|Any CPU.Build.0 = Release|Any CPU
	EndGlobalSection
	GlobalSection(SolutionProperties) = preSolution
		HideSolutionNode = FALSE
	EndGlobalSection
	GlobalSection(ExtensibilityGlobals) = postSolution
		SolutionGuid = {038BDCDA-F257-4377-AF98-D7E7E089B1E6}
	EndGlobalSection
EndGlobal
